// !$*UTF8*$!
{
	archiveVersion = 1;
	classes = {
	};
	objectVersion = 50;
	objects = {

/* Begin PBXBuildFile section */
		8617CFDD227769FB00D64815 /* VotingLocationViewController.swift in Sources */ = {isa = PBXBuildFile; fileRef = 8617CFDC227769FB00D64815 /* VotingLocationViewController.swift */; };
		A55C0E832257BFAE00D62665 /* AppDelegate.swift in Sources */ = {isa = PBXBuildFile; fileRef = A55C0E822257BFAE00D62665 /* AppDelegate.swift */; };
		A55C0E882257BFAE00D62665 /* Main.storyboard in Resources */ = {isa = PBXBuildFile; fileRef = A55C0E862257BFAE00D62665 /* Main.storyboard */; };
		A55C0E8A2257BFB000D62665 /* Assets.xcassets in Resources */ = {isa = PBXBuildFile; fileRef = A55C0E892257BFB000D62665 /* Assets.xcassets */; };
		A55C0E8D2257BFB000D62665 /* LaunchScreen.storyboard in Resources */ = {isa = PBXBuildFile; fileRef = A55C0E8B2257BFB000D62665 /* LaunchScreen.storyboard */; };
		A55C0E982257BFB100D62665 /* IntelliVoteTests.swift in Sources */ = {isa = PBXBuildFile; fileRef = A55C0E972257BFB100D62665 /* IntelliVoteTests.swift */; };
		A55C0EA32257BFB100D62665 /* IntelliVoteUITests.swift in Sources */ = {isa = PBXBuildFile; fileRef = A55C0EA22257BFB100D62665 /* IntelliVoteUITests.swift */; };
		A588332D2271274E0027DF8B /* LoginViewController.swift in Sources */ = {isa = PBXBuildFile; fileRef = A588332C2271274E0027DF8B /* LoginViewController.swift */; };
		A588332F227129AE0027DF8B /* RegisterViewController.swift in Sources */ = {isa = PBXBuildFile; fileRef = A588332E227129AE0027DF8B /* RegisterViewController.swift */; };
		A588333122712BB30027DF8B /* HomeViewController.swift in Sources */ = {isa = PBXBuildFile; fileRef = A588333022712BB30027DF8B /* HomeViewController.swift */; };
		AB42B38433DE6BF90C84434C /* Pods_IntelliVote.framework in Frameworks */ = {isa = PBXBuildFile; fileRef = 8A4908E78F66FCD824C926C7 /* Pods_IntelliVote.framework */; };
		BC013005B77B0C638105545E /* Pods_IntelliVoteTests.framework in Frameworks */ = {isa = PBXBuildFile; fileRef = 87CECACB3272FCCABBF16B8C /* Pods_IntelliVoteTests.framework */; };
		C5654D77D56DF4B2F2C255D1 /* Pods_IntelliVoteUITests.framework in Frameworks */ = {isa = PBXBuildFile; fileRef = 565D9BA07DBE482ED0A52449 /* Pods_IntelliVoteUITests.framework */; };
/* End PBXBuildFile section */

/* Begin PBXContainerItemProxy section */
		A55C0E942257BFB100D62665 /* PBXContainerItemProxy */ = {
			isa = PBXContainerItemProxy;
			containerPortal = A55C0E772257BFAE00D62665 /* Project object */;
			proxyType = 1;
			remoteGlobalIDString = A55C0E7E2257BFAE00D62665;
			remoteInfo = IntelliVote;
		};
		A55C0E9F2257BFB100D62665 /* PBXContainerItemProxy */ = {
			isa = PBXContainerItemProxy;
			containerPortal = A55C0E772257BFAE00D62665 /* Project object */;
			proxyType = 1;
			remoteGlobalIDString = A55C0E7E2257BFAE00D62665;
			remoteInfo = IntelliVote;
		};
/* End PBXContainerItemProxy section */

/* Begin PBXFileReference section */
		1D859CFBBDB8167DB0EF80F2 /* Pods-IntelliVote.release.xcconfig */ = {isa = PBXFileReference; includeInIndex = 1; lastKnownFileType = text.xcconfig; name = "Pods-IntelliVote.release.xcconfig"; path = "Target Support Files/Pods-IntelliVote/Pods-IntelliVote.release.xcconfig"; sourceTree = "<group>"; };
		3A486D03949B0429A2713B88 /* Pods-IntelliVoteUITests.debug.xcconfig */ = {isa = PBXFileReference; includeInIndex = 1; lastKnownFileType = text.xcconfig; name = "Pods-IntelliVoteUITests.debug.xcconfig"; path = "Target Support Files/Pods-IntelliVoteUITests/Pods-IntelliVoteUITests.debug.xcconfig"; sourceTree = "<group>"; };
		565D9BA07DBE482ED0A52449 /* Pods_IntelliVoteUITests.framework */ = {isa = PBXFileReference; explicitFileType = wrapper.framework; includeInIndex = 0; path = Pods_IntelliVoteUITests.framework; sourceTree = BUILT_PRODUCTS_DIR; };
		6DB02782EA07CE41434745C6 /* Pods-IntelliVote.debug.xcconfig */ = {isa = PBXFileReference; includeInIndex = 1; lastKnownFileType = text.xcconfig; name = "Pods-IntelliVote.debug.xcconfig"; path = "Target Support Files/Pods-IntelliVote/Pods-IntelliVote.debug.xcconfig"; sourceTree = "<group>"; };
		8617CFDC227769FB00D64815 /* VotingLocationViewController.swift */ = {isa = PBXFileReference; lastKnownFileType = sourcecode.swift; path = VotingLocationViewController.swift; sourceTree = "<group>"; };
		87CECACB3272FCCABBF16B8C /* Pods_IntelliVoteTests.framework */ = {isa = PBXFileReference; explicitFileType = wrapper.framework; includeInIndex = 0; path = Pods_IntelliVoteTests.framework; sourceTree = BUILT_PRODUCTS_DIR; };
		8A4908E78F66FCD824C926C7 /* Pods_IntelliVote.framework */ = {isa = PBXFileReference; explicitFileType = wrapper.framework; includeInIndex = 0; path = Pods_IntelliVote.framework; sourceTree = BUILT_PRODUCTS_DIR; };
		95E9F3EA16018C5531244BC2 /* Pods-IntelliVoteTests.debug.xcconfig */ = {isa = PBXFileReference; includeInIndex = 1; lastKnownFileType = text.xcconfig; name = "Pods-IntelliVoteTests.debug.xcconfig"; path = "Target Support Files/Pods-IntelliVoteTests/Pods-IntelliVoteTests.debug.xcconfig"; sourceTree = "<group>"; };
		A55C0E7F2257BFAE00D62665 /* IntelliVote.app */ = {isa = PBXFileReference; explicitFileType = wrapper.application; includeInIndex = 0; path = IntelliVote.app; sourceTree = BUILT_PRODUCTS_DIR; };
		A55C0E822257BFAE00D62665 /* AppDelegate.swift */ = {isa = PBXFileReference; lastKnownFileType = sourcecode.swift; path = AppDelegate.swift; sourceTree = "<group>"; };
		A55C0E872257BFAE00D62665 /* Base */ = {isa = PBXFileReference; lastKnownFileType = file.storyboard; name = Base; path = Base.lproj/Main.storyboard; sourceTree = "<group>"; };
		A55C0E892257BFB000D62665 /* Assets.xcassets */ = {isa = PBXFileReference; lastKnownFileType = folder.assetcatalog; path = Assets.xcassets; sourceTree = "<group>"; };
		A55C0E8C2257BFB000D62665 /* Base */ = {isa = PBXFileReference; lastKnownFileType = file.storyboard; name = Base; path = Base.lproj/LaunchScreen.storyboard; sourceTree = "<group>"; };
		A55C0E8E2257BFB000D62665 /* Info.plist */ = {isa = PBXFileReference; lastKnownFileType = text.plist.xml; path = Info.plist; sourceTree = "<group>"; };
		A55C0E932257BFB100D62665 /* IntelliVoteTests.xctest */ = {isa = PBXFileReference; explicitFileType = wrapper.cfbundle; includeInIndex = 0; path = IntelliVoteTests.xctest; sourceTree = BUILT_PRODUCTS_DIR; };
		A55C0E972257BFB100D62665 /* IntelliVoteTests.swift */ = {isa = PBXFileReference; lastKnownFileType = sourcecode.swift; path = IntelliVoteTests.swift; sourceTree = "<group>"; };
		A55C0E992257BFB100D62665 /* Info.plist */ = {isa = PBXFileReference; lastKnownFileType = text.plist.xml; path = Info.plist; sourceTree = "<group>"; };
		A55C0E9E2257BFB100D62665 /* IntelliVoteUITests.xctest */ = {isa = PBXFileReference; explicitFileType = wrapper.cfbundle; includeInIndex = 0; path = IntelliVoteUITests.xctest; sourceTree = BUILT_PRODUCTS_DIR; };
		A55C0EA22257BFB100D62665 /* IntelliVoteUITests.swift */ = {isa = PBXFileReference; lastKnownFileType = sourcecode.swift; path = IntelliVoteUITests.swift; sourceTree = "<group>"; };
		A55C0EA42257BFB100D62665 /* Info.plist */ = {isa = PBXFileReference; lastKnownFileType = text.plist.xml; path = Info.plist; sourceTree = "<group>"; };
		A588332C2271274E0027DF8B /* LoginViewController.swift */ = {isa = PBXFileReference; lastKnownFileType = sourcecode.swift; path = LoginViewController.swift; sourceTree = "<group>"; };
		A588332E227129AE0027DF8B /* RegisterViewController.swift */ = {isa = PBXFileReference; lastKnownFileType = sourcecode.swift; path = RegisterViewController.swift; sourceTree = "<group>"; };
		A588333022712BB30027DF8B /* HomeViewController.swift */ = {isa = PBXFileReference; lastKnownFileType = sourcecode.swift; path = HomeViewController.swift; sourceTree = "<group>"; };
		D4C52B73714AC9FF56FED3D7 /* Pods-IntelliVoteUITests.release.xcconfig */ = {isa = PBXFileReference; includeInIndex = 1; lastKnownFileType = text.xcconfig; name = "Pods-IntelliVoteUITests.release.xcconfig"; path = "Target Support Files/Pods-IntelliVoteUITests/Pods-IntelliVoteUITests.release.xcconfig"; sourceTree = "<group>"; };
		EDA8D66C9AB87ED5E701B8E6 /* Pods-IntelliVoteTests.release.xcconfig */ = {isa = PBXFileReference; includeInIndex = 1; lastKnownFileType = text.xcconfig; name = "Pods-IntelliVoteTests.release.xcconfig"; path = "Target Support Files/Pods-IntelliVoteTests/Pods-IntelliVoteTests.release.xcconfig"; sourceTree = "<group>"; };
/* End PBXFileReference section */

/* Begin PBXFrameworksBuildPhase section */
		A55C0E7C2257BFAE00D62665 /* Frameworks */ = {
			isa = PBXFrameworksBuildPhase;
			buildActionMask = 2147483647;
			files = (
				AB42B38433DE6BF90C84434C /* Pods_IntelliVote.framework in Frameworks */,
			);
			runOnlyForDeploymentPostprocessing = 0;
		};
		A55C0E902257BFB100D62665 /* Frameworks */ = {
			isa = PBXFrameworksBuildPhase;
			buildActionMask = 2147483647;
			files = (
				BC013005B77B0C638105545E /* Pods_IntelliVoteTests.framework in Frameworks */,
			);
			runOnlyForDeploymentPostprocessing = 0;
		};
		A55C0E9B2257BFB100D62665 /* Frameworks */ = {
			isa = PBXFrameworksBuildPhase;
			buildActionMask = 2147483647;
			files = (
				C5654D77D56DF4B2F2C255D1 /* Pods_IntelliVoteUITests.framework in Frameworks */,
			);
			runOnlyForDeploymentPostprocessing = 0;
		};
/* End PBXFrameworksBuildPhase section */

/* Begin PBXGroup section */
		870B36C92B5B4B112AA0D306 /* Pods */ = {
			isa = PBXGroup;
			children = (
				6DB02782EA07CE41434745C6 /* Pods-IntelliVote.debug.xcconfig */,
				1D859CFBBDB8167DB0EF80F2 /* Pods-IntelliVote.release.xcconfig */,
				95E9F3EA16018C5531244BC2 /* Pods-IntelliVoteTests.debug.xcconfig */,
				EDA8D66C9AB87ED5E701B8E6 /* Pods-IntelliVoteTests.release.xcconfig */,
				3A486D03949B0429A2713B88 /* Pods-IntelliVoteUITests.debug.xcconfig */,
				D4C52B73714AC9FF56FED3D7 /* Pods-IntelliVoteUITests.release.xcconfig */,
			);
			path = Pods;
			sourceTree = "<group>";
		};
		A55C0E762257BFAE00D62665 = {
			isa = PBXGroup;
			children = (
				A55C0E812257BFAE00D62665 /* IntelliVote */,
				A55C0E962257BFB100D62665 /* IntelliVoteTests */,
				A55C0EA12257BFB100D62665 /* IntelliVoteUITests */,
				A55C0E802257BFAE00D62665 /* Products */,
				870B36C92B5B4B112AA0D306 /* Pods */,
				CC5614D447F5868597EB27BA /* Frameworks */,
			);
			sourceTree = "<group>";
		};
		A55C0E802257BFAE00D62665 /* Products */ = {
			isa = PBXGroup;
			children = (
				A55C0E7F2257BFAE00D62665 /* IntelliVote.app */,
				A55C0E932257BFB100D62665 /* IntelliVoteTests.xctest */,
				A55C0E9E2257BFB100D62665 /* IntelliVoteUITests.xctest */,
			);
			name = Products;
			sourceTree = "<group>";
		};
		A55C0E812257BFAE00D62665 /* IntelliVote */ = {
			isa = PBXGroup;
			children = (
				A55C0E822257BFAE00D62665 /* AppDelegate.swift */,
				A55C0E862257BFAE00D62665 /* Main.storyboard */,
				A55C0E892257BFB000D62665 /* Assets.xcassets */,
				A55C0E8B2257BFB000D62665 /* LaunchScreen.storyboard */,
				A55C0E8E2257BFB000D62665 /* Info.plist */,
				A588332C2271274E0027DF8B /* LoginViewController.swift */,
				A588332E227129AE0027DF8B /* RegisterViewController.swift */,
				A588333022712BB30027DF8B /* HomeViewController.swift */,
				8617CFDC227769FB00D64815 /* VotingLocationViewController.swift */,
			);
			path = IntelliVote;
			sourceTree = "<group>";
		};
		A55C0E962257BFB100D62665 /* IntelliVoteTests */ = {
			isa = PBXGroup;
			children = (
				A55C0E972257BFB100D62665 /* IntelliVoteTests.swift */,
				A55C0E992257BFB100D62665 /* Info.plist */,
			);
			path = IntelliVoteTests;
			sourceTree = "<group>";
		};
		A55C0EA12257BFB100D62665 /* IntelliVoteUITests */ = {
			isa = PBXGroup;
			children = (
				A55C0EA22257BFB100D62665 /* IntelliVoteUITests.swift */,
				A55C0EA42257BFB100D62665 /* Info.plist */,
			);
			path = IntelliVoteUITests;
			sourceTree = "<group>";
		};
		CC5614D447F5868597EB27BA /* Frameworks */ = {
			isa = PBXGroup;
			children = (
				8A4908E78F66FCD824C926C7 /* Pods_IntelliVote.framework */,
				87CECACB3272FCCABBF16B8C /* Pods_IntelliVoteTests.framework */,
				565D9BA07DBE482ED0A52449 /* Pods_IntelliVoteUITests.framework */,
			);
			name = Frameworks;
			sourceTree = "<group>";
		};
/* End PBXGroup section */

/* Begin PBXNativeTarget section */
		A55C0E7E2257BFAE00D62665 /* IntelliVote */ = {
			isa = PBXNativeTarget;
			buildConfigurationList = A55C0EA72257BFB100D62665 /* Build configuration list for PBXNativeTarget "IntelliVote" */;
			buildPhases = (
				0E9F6DD0467066DB6E97A46B /* [CP] Check Pods Manifest.lock */,
				A55C0E7B2257BFAE00D62665 /* Sources */,
				A55C0E7C2257BFAE00D62665 /* Frameworks */,
				A55C0E7D2257BFAE00D62665 /* Resources */,
				882732297430047306E306C8 /* [CP] Embed Pods Frameworks */,
			);
			buildRules = (
			);
			dependencies = (
			);
			name = IntelliVote;
			productName = IntelliVote;
			productReference = A55C0E7F2257BFAE00D62665 /* IntelliVote.app */;
			productType = "com.apple.product-type.application";
		};
		A55C0E922257BFB100D62665 /* IntelliVoteTests */ = {
			isa = PBXNativeTarget;
			buildConfigurationList = A55C0EAA2257BFB100D62665 /* Build configuration list for PBXNativeTarget "IntelliVoteTests" */;
			buildPhases = (
				88A95C9CEAC089ACEBFF77B3 /* [CP] Check Pods Manifest.lock */,
				A55C0E8F2257BFB100D62665 /* Sources */,
				A55C0E902257BFB100D62665 /* Frameworks */,
				A55C0E912257BFB100D62665 /* Resources */,
			);
			buildRules = (
			);
			dependencies = (
				A55C0E952257BFB100D62665 /* PBXTargetDependency */,
			);
			name = IntelliVoteTests;
			productName = IntelliVoteTests;
			productReference = A55C0E932257BFB100D62665 /* IntelliVoteTests.xctest */;
			productType = "com.apple.product-type.bundle.unit-test";
		};
		A55C0E9D2257BFB100D62665 /* IntelliVoteUITests */ = {
			isa = PBXNativeTarget;
			buildConfigurationList = A55C0EAD2257BFB100D62665 /* Build configuration list for PBXNativeTarget "IntelliVoteUITests" */;
			buildPhases = (
				71B3437CE80B1CBD1DC242AC /* [CP] Check Pods Manifest.lock */,
				A55C0E9A2257BFB100D62665 /* Sources */,
				A55C0E9B2257BFB100D62665 /* Frameworks */,
				A55C0E9C2257BFB100D62665 /* Resources */,
			);
			buildRules = (
			);
			dependencies = (
				A55C0EA02257BFB100D62665 /* PBXTargetDependency */,
			);
			name = IntelliVoteUITests;
			productName = IntelliVoteUITests;
			productReference = A55C0E9E2257BFB100D62665 /* IntelliVoteUITests.xctest */;
			productType = "com.apple.product-type.bundle.ui-testing";
		};
/* End PBXNativeTarget section */

/* Begin PBXProject section */
		A55C0E772257BFAE00D62665 /* Project object */ = {
			isa = PBXProject;
			attributes = {
				LastSwiftUpdateCheck = 1010;
				LastUpgradeCheck = 1010;
				ORGANIZATIONNAME = "Dean Pektas";
				TargetAttributes = {
					A55C0E7E2257BFAE00D62665 = {
						CreatedOnToolsVersion = 10.1;
					};
					A55C0E922257BFB100D62665 = {
						CreatedOnToolsVersion = 10.1;
						TestTargetID = A55C0E7E2257BFAE00D62665;
					};
					A55C0E9D2257BFB100D62665 = {
						CreatedOnToolsVersion = 10.1;
						TestTargetID = A55C0E7E2257BFAE00D62665;
					};
				};
			};
			buildConfigurationList = A55C0E7A2257BFAE00D62665 /* Build configuration list for PBXProject "IntelliVote" */;
			compatibilityVersion = "Xcode 9.3";
			developmentRegion = en;
			hasScannedForEncodings = 0;
			knownRegions = (
				en,
				Base,
			);
			mainGroup = A55C0E762257BFAE00D62665;
			productRefGroup = A55C0E802257BFAE00D62665 /* Products */;
			projectDirPath = "";
			projectRoot = "";
			targets = (
				A55C0E7E2257BFAE00D62665 /* IntelliVote */,
				A55C0E922257BFB100D62665 /* IntelliVoteTests */,
				A55C0E9D2257BFB100D62665 /* IntelliVoteUITests */,
			);
		};
/* End PBXProject section */

/* Begin PBXResourcesBuildPhase section */
		A55C0E7D2257BFAE00D62665 /* Resources */ = {
			isa = PBXResourcesBuildPhase;
			buildActionMask = 2147483647;
			files = (
				A55C0E8D2257BFB000D62665 /* LaunchScreen.storyboard in Resources */,
				A55C0E8A2257BFB000D62665 /* Assets.xcassets in Resources */,
				A55C0E882257BFAE00D62665 /* Main.storyboard in Resources */,
			);
			runOnlyForDeploymentPostprocessing = 0;
		};
		A55C0E912257BFB100D62665 /* Resources */ = {
			isa = PBXResourcesBuildPhase;
			buildActionMask = 2147483647;
			files = (
			);
			runOnlyForDeploymentPostprocessing = 0;
		};
		A55C0E9C2257BFB100D62665 /* Resources */ = {
			isa = PBXResourcesBuildPhase;
			buildActionMask = 2147483647;
			files = (
			);
			runOnlyForDeploymentPostprocessing = 0;
		};
/* End PBXResourcesBuildPhase section */

/* Begin PBXShellScriptBuildPhase section */
		0E9F6DD0467066DB6E97A46B /* [CP] Check Pods Manifest.lock */ = {
			isa = PBXShellScriptBuildPhase;
			buildActionMask = 2147483647;
			files = (
			);
			inputFileListPaths = (
			);
			inputPaths = (
				"${PODS_PODFILE_DIR_PATH}/Podfile.lock",
				"${PODS_ROOT}/Manifest.lock",
			);
			name = "[CP] Check Pods Manifest.lock";
			outputFileListPaths = (
			);
			outputPaths = (
				"$(DERIVED_FILE_DIR)/Pods-IntelliVote-checkManifestLockResult.txt",
			);
			runOnlyForDeploymentPostprocessing = 0;
			shellPath = /bin/sh;
			shellScript = "diff \"${PODS_PODFILE_DIR_PATH}/Podfile.lock\" \"${PODS_ROOT}/Manifest.lock\" > /dev/null\nif [ $? != 0 ] ; then\n    # print error to STDERR\n    echo \"error: The sandbox is not in sync with the Podfile.lock. Run 'pod install' or update your CocoaPods installation.\" >&2\n    exit 1\nfi\n# This output is used by Xcode 'outputs' to avoid re-running this script phase.\necho \"SUCCESS\" > \"${SCRIPT_OUTPUT_FILE_0}\"\n";
			showEnvVarsInLog = 0;
		};
		71B3437CE80B1CBD1DC242AC /* [CP] Check Pods Manifest.lock */ = {
			isa = PBXShellScriptBuildPhase;
			buildActionMask = 2147483647;
			files = (
			);
			inputFileListPaths = (
			);
			inputPaths = (
				"${PODS_PODFILE_DIR_PATH}/Podfile.lock",
				"${PODS_ROOT}/Manifest.lock",
			);
			name = "[CP] Check Pods Manifest.lock";
			outputFileListPaths = (
			);
			outputPaths = (
				"$(DERIVED_FILE_DIR)/Pods-IntelliVoteUITests-checkManifestLockResult.txt",
			);
			runOnlyForDeploymentPostprocessing = 0;
			shellPath = /bin/sh;
			shellScript = "diff \"${PODS_PODFILE_DIR_PATH}/Podfile.lock\" \"${PODS_ROOT}/Manifest.lock\" > /dev/null\nif [ $? != 0 ] ; then\n    # print error to STDERR\n    echo \"error: The sandbox is not in sync with the Podfile.lock. Run 'pod install' or update your CocoaPods installation.\" >&2\n    exit 1\nfi\n# This output is used by Xcode 'outputs' to avoid re-running this script phase.\necho \"SUCCESS\" > \"${SCRIPT_OUTPUT_FILE_0}\"\n";
			showEnvVarsInLog = 0;
		};
		882732297430047306E306C8 /* [CP] Embed Pods Frameworks */ = {
			isa = PBXShellScriptBuildPhase;
			buildActionMask = 2147483647;
			files = (
			);
			inputFileListPaths = (
			);
			inputPaths = (
				"${PODS_ROOT}/Target Support Files/Pods-IntelliVote/Pods-IntelliVote-frameworks.sh",
				"${BUILT_PRODUCTS_DIR}/Alamofire/Alamofire.framework",
				"${BUILT_PRODUCTS_DIR}/AlamofireImage/AlamofireImage.framework",
				"${BUILT_PRODUCTS_DIR}/Bolts/Bolts.framework",
				"${BUILT_PRODUCTS_DIR}/Parse/Parse.framework",
				"${BUILT_PRODUCTS_DIR}/TextFieldEffects/TextFieldEffects.framework",
			);
			name = "[CP] Embed Pods Frameworks";
			outputFileListPaths = (
			);
			outputPaths = (
				"${TARGET_BUILD_DIR}/${FRAMEWORKS_FOLDER_PATH}/Alamofire.framework",
				"${TARGET_BUILD_DIR}/${FRAMEWORKS_FOLDER_PATH}/AlamofireImage.framework",
				"${TARGET_BUILD_DIR}/${FRAMEWORKS_FOLDER_PATH}/Bolts.framework",
				"${TARGET_BUILD_DIR}/${FRAMEWORKS_FOLDER_PATH}/Parse.framework",
				"${TARGET_BUILD_DIR}/${FRAMEWORKS_FOLDER_PATH}/TextFieldEffects.framework",
			);
			runOnlyForDeploymentPostprocessing = 0;
			shellPath = /bin/sh;
			shellScript = "\"${PODS_ROOT}/Target Support Files/Pods-IntelliVote/Pods-IntelliVote-frameworks.sh\"\n";
			showEnvVarsInLog = 0;
		};
		88A95C9CEAC089ACEBFF77B3 /* [CP] Check Pods Manifest.lock */ = {
			isa = PBXShellScriptBuildPhase;
			buildActionMask = 2147483647;
			files = (
			);
			inputFileListPaths = (
			);
			inputPaths = (
				"${PODS_PODFILE_DIR_PATH}/Podfile.lock",
				"${PODS_ROOT}/Manifest.lock",
			);
			name = "[CP] Check Pods Manifest.lock";
			outputFileListPaths = (
			);
			outputPaths = (
				"$(DERIVED_FILE_DIR)/Pods-IntelliVoteTests-checkManifestLockResult.txt",
			);
			runOnlyForDeploymentPostprocessing = 0;
			shellPath = /bin/sh;
			shellScript = "diff \"${PODS_PODFILE_DIR_PATH}/Podfile.lock\" \"${PODS_ROOT}/Manifest.lock\" > /dev/null\nif [ $? != 0 ] ; then\n    # print error to STDERR\n    echo \"error: The sandbox is not in sync with the Podfile.lock. Run 'pod install' or update your CocoaPods installation.\" >&2\n    exit 1\nfi\n# This output is used by Xcode 'outputs' to avoid re-running this script phase.\necho \"SUCCESS\" > \"${SCRIPT_OUTPUT_FILE_0}\"\n";
			showEnvVarsInLog = 0;
		};
/* End PBXShellScriptBuildPhase section */

/* Begin PBXSourcesBuildPhase section */
		A55C0E7B2257BFAE00D62665 /* Sources */ = {
			isa = PBXSourcesBuildPhase;
			buildActionMask = 2147483647;
			files = (
				8617CFDD227769FB00D64815 /* VotingLocationViewController.swift in Sources */,
				A588332D2271274E0027DF8B /* LoginViewController.swift in Sources */,
				A55C0E832257BFAE00D62665 /* AppDelegate.swift in Sources */,
				A588332F227129AE0027DF8B /* RegisterViewController.swift in Sources */,
				A588333122712BB30027DF8B /* HomeViewController.swift in Sources */,
			);
			runOnlyForDeploymentPostprocessing = 0;
		};
		A55C0E8F2257BFB100D62665 /* Sources */ = {
			isa = PBXSourcesBuildPhase;
			buildActionMask = 2147483647;
			files = (
				A55C0E982257BFB100D62665 /* IntelliVoteTests.swift in Sources */,
			);
			runOnlyForDeploymentPostprocessing = 0;
		};
		A55C0E9A2257BFB100D62665 /* Sources */ = {
			isa = PBXSourcesBuildPhase;
			buildActionMask = 2147483647;
			files = (
				A55C0EA32257BFB100D62665 /* IntelliVoteUITests.swift in Sources */,
			);
			runOnlyForDeploymentPostprocessing = 0;
		};
/* End PBXSourcesBuildPhase section */

/* Begin PBXTargetDependency section */
		A55C0E952257BFB100D62665 /* PBXTargetDependency */ = {
			isa = PBXTargetDependency;
			target = A55C0E7E2257BFAE00D62665 /* IntelliVote */;
			targetProxy = A55C0E942257BFB100D62665 /* PBXContainerItemProxy */;
		};
		A55C0EA02257BFB100D62665 /* PBXTargetDependency */ = {
			isa = PBXTargetDependency;
			target = A55C0E7E2257BFAE00D62665 /* IntelliVote */;
			targetProxy = A55C0E9F2257BFB100D62665 /* PBXContainerItemProxy */;
		};
/* End PBXTargetDependency section */

/* Begin PBXVariantGroup section */
		A55C0E862257BFAE00D62665 /* Main.storyboard */ = {
			isa = PBXVariantGroup;
			children = (
				A55C0E872257BFAE00D62665 /* Base */,
			);
			name = Main.storyboard;
			sourceTree = "<group>";
		};
		A55C0E8B2257BFB000D62665 /* LaunchScreen.storyboard */ = {
			isa = PBXVariantGroup;
			children = (
				A55C0E8C2257BFB000D62665 /* Base */,
			);
			name = LaunchScreen.storyboard;
			sourceTree = "<group>";
		};
/* End PBXVariantGroup section */

/* Begin XCBuildConfiguration section */
		A55C0EA52257BFB100D62665 /* Debug */ = {
			isa = XCBuildConfiguration;
			buildSettings = {
				ALWAYS_SEARCH_USER_PATHS = NO;
				CLANG_ANALYZER_NONNULL = YES;
				CLANG_ANALYZER_NUMBER_OBJECT_CONVERSION = YES_AGGRESSIVE;
				CLANG_CXX_LANGUAGE_STANDARD = "gnu++14";
				CLANG_CXX_LIBRARY = "libc++";
				CLANG_ENABLE_MODULES = YES;
				CLANG_ENABLE_OBJC_ARC = YES;
				CLANG_ENABLE_OBJC_WEAK = YES;
				CLANG_WARN_BLOCK_CAPTURE_AUTORELEASING = YES;
				CLANG_WARN_BOOL_CONVERSION = YES;
				CLANG_WARN_COMMA = YES;
				CLANG_WARN_CONSTANT_CONVERSION = YES;
				CLANG_WARN_DEPRECATED_OBJC_IMPLEMENTATIONS = YES;
				CLANG_WARN_DIRECT_OBJC_ISA_USAGE = YES_ERROR;
				CLANG_WARN_DOCUMENTATION_COMMENTS = YES;
				CLANG_WARN_EMPTY_BODY = YES;
				CLANG_WARN_ENUM_CONVERSION = YES;
				CLANG_WARN_INFINITE_RECURSION = YES;
				CLANG_WARN_INT_CONVERSION = YES;
				CLANG_WARN_NON_LITERAL_NULL_CONVERSION = YES;
				CLANG_WARN_OBJC_IMPLICIT_RETAIN_SELF = YES;
				CLANG_WARN_OBJC_LITERAL_CONVERSION = YES;
				CLANG_WARN_OBJC_ROOT_CLASS = YES_ERROR;
				CLANG_WARN_RANGE_LOOP_ANALYSIS = YES;
				CLANG_WARN_STRICT_PROTOTYPES = YES;
				CLANG_WARN_SUSPICIOUS_MOVE = YES;
				CLANG_WARN_UNGUARDED_AVAILABILITY = YES_AGGRESSIVE;
				CLANG_WARN_UNREACHABLE_CODE = YES;
				CLANG_WARN__DUPLICATE_METHOD_MATCH = YES;
				CODE_SIGN_IDENTITY = "iPhone Developer";
				COPY_PHASE_STRIP = NO;
				DEBUG_INFORMATION_FORMAT = dwarf;
				ENABLE_STRICT_OBJC_MSGSEND = YES;
				ENABLE_TESTABILITY = YES;
				GCC_C_LANGUAGE_STANDARD = gnu11;
				GCC_DYNAMIC_NO_PIC = NO;
				GCC_NO_COMMON_BLOCKS = YES;
				GCC_OPTIMIZATION_LEVEL = 0;
				GCC_PREPROCESSOR_DEFINITIONS = (
					"DEBUG=1",
					"$(inherited)",
				);
				GCC_WARN_64_TO_32_BIT_CONVERSION = YES;
				GCC_WARN_ABOUT_RETURN_TYPE = YES_ERROR;
				GCC_WARN_UNDECLARED_SELECTOR = YES;
				GCC_WARN_UNINITIALIZED_AUTOS = YES_AGGRESSIVE;
				GCC_WARN_UNUSED_FUNCTION = YES;
				GCC_WARN_UNUSED_VARIABLE = YES;
				IPHONEOS_DEPLOYMENT_TARGET = 12.1;
				MTL_ENABLE_DEBUG_INFO = INCLUDE_SOURCE;
				MTL_FAST_MATH = YES;
				ONLY_ACTIVE_ARCH = YES;
				SDKROOT = iphoneos;
				SWIFT_ACTIVE_COMPILATION_CONDITIONS = DEBUG;
				SWIFT_OPTIMIZATION_LEVEL = "-Onone";
			};
			name = Debug;
		};
		A55C0EA62257BFB100D62665 /* Release */ = {
			isa = XCBuildConfiguration;
			buildSettings = {
				ALWAYS_SEARCH_USER_PATHS = NO;
				CLANG_ANALYZER_NONNULL = YES;
				CLANG_ANALYZER_NUMBER_OBJECT_CONVERSION = YES_AGGRESSIVE;
				CLANG_CXX_LANGUAGE_STANDARD = "gnu++14";
				CLANG_CXX_LIBRARY = "libc++";
				CLANG_ENABLE_MODULES = YES;
				CLANG_ENABLE_OBJC_ARC = YES;
				CLANG_ENABLE_OBJC_WEAK = YES;
				CLANG_WARN_BLOCK_CAPTURE_AUTORELEASING = YES;
				CLANG_WARN_BOOL_CONVERSION = YES;
				CLANG_WARN_COMMA = YES;
				CLANG_WARN_CONSTANT_CONVERSION = YES;
				CLANG_WARN_DEPRECATED_OBJC_IMPLEMENTATIONS = YES;
				CLANG_WARN_DIRECT_OBJC_ISA_USAGE = YES_ERROR;
				CLANG_WARN_DOCUMENTATION_COMMENTS = YES;
				CLANG_WARN_EMPTY_BODY = YES;
				CLANG_WARN_ENUM_CONVERSION = YES;
				CLANG_WARN_INFINITE_RECURSION = YES;
				CLANG_WARN_INT_CONVERSION = YES;
				CLANG_WARN_NON_LITERAL_NULL_CONVERSION = YES;
				CLANG_WARN_OBJC_IMPLICIT_RETAIN_SELF = YES;
				CLANG_WARN_OBJC_LITERAL_CONVERSION = YES;
				CLANG_WARN_OBJC_ROOT_CLASS = YES_ERROR;
				CLANG_WARN_RANGE_LOOP_ANALYSIS = YES;
				CLANG_WARN_STRICT_PROTOTYPES = YES;
				CLANG_WARN_SUSPICIOUS_MOVE = YES;
				CLANG_WARN_UNGUARDED_AVAILABILITY = YES_AGGRESSIVE;
				CLANG_WARN_UNREACHABLE_CODE = YES;
				CLANG_WARN__DUPLICATE_METHOD_MATCH = YES;
				CODE_SIGN_IDENTITY = "iPhone Developer";
				COPY_PHASE_STRIP = NO;
				DEBUG_INFORMATION_FORMAT = "dwarf-with-dsym";
				ENABLE_NS_ASSERTIONS = NO;
				ENABLE_STRICT_OBJC_MSGSEND = YES;
				GCC_C_LANGUAGE_STANDARD = gnu11;
				GCC_NO_COMMON_BLOCKS = YES;
				GCC_WARN_64_TO_32_BIT_CONVERSION = YES;
				GCC_WARN_ABOUT_RETURN_TYPE = YES_ERROR;
				GCC_WARN_UNDECLARED_SELECTOR = YES;
				GCC_WARN_UNINITIALIZED_AUTOS = YES_AGGRESSIVE;
				GCC_WARN_UNUSED_FUNCTION = YES;
				GCC_WARN_UNUSED_VARIABLE = YES;
				IPHONEOS_DEPLOYMENT_TARGET = 12.1;
				MTL_ENABLE_DEBUG_INFO = NO;
				MTL_FAST_MATH = YES;
				SDKROOT = iphoneos;
				SWIFT_COMPILATION_MODE = wholemodule;
				SWIFT_OPTIMIZATION_LEVEL = "-O";
				VALIDATE_PRODUCT = YES;
			};
			name = Release;
		};
		A55C0EA82257BFB100D62665 /* Debug */ = {
			isa = XCBuildConfiguration;
			baseConfigurationReference = 6DB02782EA07CE41434745C6 /* Pods-IntelliVote.debug.xcconfig */;
			buildSettings = {
				ASSETCATALOG_COMPILER_APPICON_NAME = AppIcon;
				CODE_SIGN_STYLE = Automatic;
				DEVELOPMENT_TEAM = AG52VEHRL5;
				INFOPLIST_FILE = IntelliVote/Info.plist;
				LD_RUNPATH_SEARCH_PATHS = (
					"$(inherited)",
					"@executable_path/Frameworks",
				);
				PRODUCT_BUNDLE_IDENTIFIER = dean.IntelliVote;
				PRODUCT_NAME = "$(TARGET_NAME)";
				SWIFT_VERSION = 4.2;
				TARGETED_DEVICE_FAMILY = "1,2";
			};
			name = Debug;
		};
		A55C0EA92257BFB100D62665 /* Release */ = {
			isa = XCBuildConfiguration;
			baseConfigurationReference = 1D859CFBBDB8167DB0EF80F2 /* Pods-IntelliVote.release.xcconfig */;
			buildSettings = {
				ASSETCATALOG_COMPILER_APPICON_NAME = AppIcon;
				CODE_SIGN_STYLE = Automatic;
				DEVELOPMENT_TEAM = AG52VEHRL5;
				INFOPLIST_FILE = IntelliVote/Info.plist;
				LD_RUNPATH_SEARCH_PATHS = (
					"$(inherited)",
					"@executable_path/Frameworks",
				);
				PRODUCT_BUNDLE_IDENTIFIER = dean.IntelliVote;
				PRODUCT_NAME = "$(TARGET_NAME)";
				SWIFT_VERSION = 4.2;
				TARGETED_DEVICE_FAMILY = "1,2";
			};
			name = Release;
		};
		A55C0EAB2257BFB100D62665 /* Debug */ = {
			isa = XCBuildConfiguration;
			baseConfigurationReference = 95E9F3EA16018C5531244BC2 /* Pods-IntelliVoteTests.debug.xcconfig */;
			buildSettings = {
				ALWAYS_EMBED_SWIFT_STANDARD_LIBRARIES = YES;
				BUNDLE_LOADER = "$(TEST_HOST)";
				CODE_SIGN_STYLE = Automatic;
				DEVELOPMENT_TEAM = AG52VEHRL5;
				INFOPLIST_FILE = IntelliVoteTests/Info.plist;
				LD_RUNPATH_SEARCH_PATHS = (
					"$(inherited)",
					"@executable_path/Frameworks",
					"@loader_path/Frameworks",
				);
				PRODUCT_BUNDLE_IDENTIFIER = dean.IntelliVoteTests;
				PRODUCT_NAME = "$(TARGET_NAME)";
				SWIFT_VERSION = 4.2;
				TARGETED_DEVICE_FAMILY = "1,2";
				TEST_HOST = "$(BUILT_PRODUCTS_DIR)/IntelliVote.app/IntelliVote";
			};
			name = Debug;
		};
		A55C0EAC2257BFB100D62665 /* Release */ = {
			isa = XCBuildConfiguration;
			baseConfigurationReference = EDA8D66C9AB87ED5E701B8E6 /* Pods-IntelliVoteTests.release.xcconfig */;
			buildSettings = {
				ALWAYS_EMBED_SWIFT_STANDARD_LIBRARIES = YES;
				BUNDLE_LOADER = "$(TEST_HOST)";
				CODE_SIGN_STYLE = Automatic;
				DEVELOPMENT_TEAM = AG52VEHRL5;
				INFOPLIST_FILE = IntelliVoteTests/Info.plist;
				LD_RUNPATH_SEARCH_PATHS = (
					"$(inherited)",
					"@executable_path/Frameworks",
					"@loader_path/Frameworks",
				);
				PRODUCT_BUNDLE_IDENTIFIER = dean.IntelliVoteTests;
				PRODUCT_NAME = "$(TARGET_NAME)";
				SWIFT_VERSION = 4.2;
				TARGETED_DEVICE_FAMILY = "1,2";
				TEST_HOST = "$(BUILT_PRODUCTS_DIR)/IntelliVote.app/IntelliVote";
			};
			name = Release;
		};
		A55C0EAE2257BFB100D62665 /* Debug */ = {
			isa = XCBuildConfiguration;
			baseConfigurationReference = 3A486D03949B0429A2713B88 /* Pods-IntelliVoteUITests.debug.xcconfig */;
			buildSettings = {
				ALWAYS_EMBED_SWIFT_STANDARD_LIBRARIES = YES;
				CODE_SIGN_STYLE = Automatic;
				DEVELOPMENT_TEAM = AG52VEHRL5;
				INFOPLIST_FILE = IntelliVoteUITests/Info.plist;
				LD_RUNPATH_SEARCH_PATHS = (
					"$(inherited)",
					"@executable_path/Frameworks",
					"@loader_path/Frameworks",
				);
				PRODUCT_BUNDLE_IDENTIFIER = dean.IntelliVoteUITests;
				PRODUCT_NAME = "$(TARGET_NAME)";
				SWIFT_VERSION = 4.2;
				TARGETED_DEVICE_FAMILY = "1,2";
				TEST_TARGET_NAME = IntelliVote;
			};
			name = Debug;
		};
		A55C0EAF2257BFB100D62665 /* Release */ = {
			isa = XCBuildConfiguration;
			baseConfigurationReference = D4C52B73714AC9FF56FED3D7 /* Pods-IntelliVoteUITests.release.xcconfig */;
			buildSettings = {
				ALWAYS_EMBED_SWIFT_STANDARD_LIBRARIES = YES;
				CODE_SIGN_STYLE = Automatic;
				DEVELOPMENT_TEAM = AG52VEHRL5;
				INFOPLIST_FILE = IntelliVoteUITests/Info.plist;
				LD_RUNPATH_SEARCH_PATHS = (
					"$(inherited)",
					"@executable_path/Frameworks",
					"@loader_path/Frameworks",
				);
				PRODUCT_BUNDLE_IDENTIFIER = dean.IntelliVoteUITests;
				PRODUCT_NAME = "$(TARGET_NAME)";
				SWIFT_VERSION = 4.2;
				TARGETED_DEVICE_FAMILY = "1,2";
				TEST_TARGET_NAME = IntelliVote;
			};
			name = Release;
		};
/* End XCBuildConfiguration section */

/* Begin XCConfigurationList section */
		A55C0E7A2257BFAE00D62665 /* Build configuration list for PBXProject "IntelliVote" */ = {
			isa = XCConfigurationList;
			buildConfigurations = (
				A55C0EA52257BFB100D62665 /* Debug */,
				A55C0EA62257BFB100D62665 /* Release */,
			);
			defaultConfigurationIsVisible = 0;
			defaultConfigurationName = Release;
		};
		A55C0EA72257BFB100D62665 /* Build configuration list for PBXNativeTarget "IntelliVote" */ = {
			isa = XCConfigurationList;
			buildConfigurations = (
				A55C0EA82257BFB100D62665 /* Debug */,
				A55C0EA92257BFB100D62665 /* Release */,
			);
			defaultConfigurationIsVisible = 0;
			defaultConfigurationName = Release;
		};
		A55C0EAA2257BFB100D62665 /* Build configuration list for PBXNativeTarget "IntelliVoteTests" */ = {
			isa = XCConfigurationList;
			buildConfigurations = (
				A55C0EAB2257BFB100D62665 /* Debug */,
				A55C0EAC2257BFB100D62665 /* Release */,
			);
			defaultConfigurationIsVisible = 0;
			defaultConfigurationName = Release;
		};
		A55C0EAD2257BFB100D62665 /* Build configuration list for PBXNativeTarget "IntelliVoteUITests" */ = {
			isa = XCConfigurationList;
			buildConfigurations = (
				A55C0EAE2257BFB100D62665 /* Debug */,
				A55C0EAF2257BFB100D62665 /* Release */,
			);
			defaultConfigurationIsVisible = 0;
			defaultConfigurationName = Release;
		};
/* End XCConfigurationList section */
	};
	rootObject = A55C0E772257BFAE00D62665 /* Project object */;
}
